
Microsoft Visual Studio Solution File, Format Version 12.00
# Visual Studio Version 16
VisualStudioVersion = 16.0.29609.76
MinimumVisualStudioVersion = 10.0.40219.1
Project("{FAE04EC0-301F-11D3-BF4B-00C04F79EFBC}") = "WebApplication2", "WebApplication2\WebApplication2.csproj", "{F5F76609-D673-4D4A-ABB1-F1F5721D4B56}"
EndProject
Global
	GlobalSection(SolutionConfigurationPlatforms) = preSolution
		Debug|Any CPU = Debug|Any CPU
		Release|Any CPU = Release|Any CPU
	EndGlobalSection
	GlobalSection(ProjectConfigurationPlatforms) = postSolution
		{F5F76609-D673-4D4A-ABB1-F1F5721D4B56}.Debug|Any CPU.ActiveCfg = Debug|Any CPU
		{F5F76609-D673-4D4A-ABB1-F1F5721D4B56}.Debug|Any CPU.Build.0 = Debug|Any CPU
		{F5F76609-D673-4D4A-ABB1-F1F5721D4B56}.Release|Any CPU.ActiveCfg = Release|Any CPU
		{F5F76609-D673-4D4A-ABB1-F1F5721D4B56}.Release|Any CPU.Build.0 = Release|Any CPU
	EndGlobalSection
	GlobalSection(SolutionProperties) = preSolution
		HideSolutionNode = FALSE
	EndGlobalSection
	GlobalSection(ExtensibilityGlobals) = postSolution
		SolutionGuid = {2FE22813-8C23-4F5E-9ED4-B48482B19F22}
	EndGlobalSection
EndGlobal
